
Microsoft Visual Studio Solution File, Format Version 12.00
# Visual Studio 15
VisualStudioVersion = 15.0.28306.52
MinimumVisualStudioVersion = 10.0.40219.1
Project("{8BC9CEB8-8B4A-11D0-8D11-00A0C91BC942}") = "keyloggingProject", "keyloggingProject\keyloggingProject.vcxproj", "{8AC85197-D91C-4B10-8E3D-12083D99F1B1}"
EndProject
Project("{8BC9CEB8-8B4A-11D0-8D11-00A0C91BC942}") = "KeyloggerDll", "KeyloggerDll\KeyloggerDll.vcxproj", "{9577A2F1-8CB2-435A-AFC4-96FE3B4B7232}"
EndProject
Global
	GlobalSection(SolutionConfigurationPlatforms) = preSolution
		Debug|x64 = Debug|x64
		Debug|x86 = Debug|x86
		Release|x64 = Release|x64
		Release|x86 = Release|x86
	EndGlobalSection
	GlobalSection(ProjectConfigurationPlatforms) = postSolution
		{8AC85197-D91C-4B10-8E3D-12083D99F1B1}.Debug|x64.ActiveCfg = Debug|x64
		{8AC85197-D91C-4B10-8E3D-12083D99F1B1}.Debug|x64.Build.0 = Debug|x64
		{8AC85197-D91C-4B10-8E3D-12083D99F1B1}.Debug|x86.ActiveCfg = Debug|Win32
		{8AC85197-D91C-4B10-8E3D-12083D99F1B1}.Debug|x86.Build.0 = Debug|Win32
		{8AC85197-D91C-4B10-8E3D-12083D99F1B1}.Release|x64.ActiveCfg = Release|x64
		{8AC85197-D91C-4B10-8E3D-12083D99F1B1}.Release|x64.Build.0 = Release|x64
		{8AC85197-D91C-4B10-8E3D-12083D99F1B1}.Release|x86.ActiveCfg = Release|Win32
		{8AC85197-D91C-4B10-8E3D-12083D99F1B1}.Release|x86.Build.0 = Release|Win32
		{9577A2F1-8CB2-435A-AFC4-96FE3B4B7232}.Debug|x64.ActiveCfg = Debug|x64
		{9577A2F1-8CB2-435A-AFC4-96FE3B4B7232}.Debug|x64.Build.0 = Debug|x64
		{9577A2F1-8CB2-435A-AFC4-96FE3B4B7232}.Debug|x86.ActiveCfg = Debug|Win32
		{9577A2F1-8CB2-435A-AFC4-96FE3B4B7232}.Debug|x86.Build.0 = Debug|Win32
		{9577A2F1-8CB2-435A-AFC4-96FE3B4B7232}.Release|x64.ActiveCfg = Release|x64
		{9577A2F1-8CB2-435A-AFC4-96FE3B4B7232}.Release|x64.Build.0 = Release|x64
		{9577A2F1-8CB2-435A-AFC4-96FE3B4B7232}.Release|x86.ActiveCfg = Release|Win32
		{9577A2F1-8CB2-435A-AFC4-96FE3B4B7232}.Release|x86.Build.0 = Release|Win32
	EndGlobalSection
	GlobalSection(SolutionProperties) = preSolution
		HideSolutionNode = FALSE
	EndGlobalSection
	GlobalSection(ExtensibilityGlobals) = postSolution
		SolutionGuid = {0F744252-AA13-45E8-982D-BFD25C9679A7}
	EndGlobalSection
EndGlobal
